# THIS IS AN AUTOGENERATED FILE. DO NOT EDIT THIS FILE DIRECTLY.
# yarn lockfile v1


rate-limiter-flexible@^2.3.10:
  version "2.3.10"
  resolved "https://registry.yarnpkg.com/rate-limiter-flexible/-/rate-limiter-flexible-2.3.10.tgz#3d707b165b06fa4f193e0d3c6c5684f6e3acd1d3"
  integrity sha512-bXqRBBb85WmnJemw9+xLdA7ezLXwZ+hXcOD8ZzfGMhbus4jHRrjTMXZ1kJqpKnpGu34scZc6f0qYNSxBwO7yrg==
